
Microsoft Visual Studio Solution File, Format Version 12.00
# Visual Studio Version 17
VisualStudioVersion = 17.7.34221.43
MinimumVisualStudioVersion = 10.0.40219.1
Project("{FAE04EC0-301F-11D3-BF4B-00C04F79EFBC}") = "JobApplicationLibrary", "JobApplicationLibrary\JobApplicationLibrary.csproj", "{3502AB54-E822-40C7-B60D-491285EA01EC}"
EndProject
Project("{FAE04EC0-301F-11D3-BF4B-00C04F79EFBC}") = "JobApplication.UnitTest", "JobApplication.UnitTest\JobApplication.UnitTest.csproj", "{B67D94C1-6365-4200-B98B-C45AC610BEB8}"
EndProject
Global
	GlobalSection(SolutionConfigurationPlatforms) = preSolution
		Debug|Any CPU = Debug|Any CPU
		Release|Any CPU = Release|Any CPU
	EndGlobalSection
	GlobalSection(ProjectConfigurationPlatforms) = postSolution
		{3502AB54-E822-40C7-B60D-491285EA01EC}.Debug|Any CPU.ActiveCfg = Debug|Any CPU
		{3502AB54-E822-40C7-B60D-491285EA01EC}.Debug|Any CPU.Build.0 = Debug|Any CPU
		{3502AB54-E822-40C7-B60D-491285EA01EC}.Release|Any CPU.ActiveCfg = Release|Any CPU
		{3502AB54-E822-40C7-B60D-491285EA01EC}.Release|Any CPU.Build.0 = Release|Any CPU
		{B67D94C1-6365-4200-B98B-C45AC610BEB8}.Debug|Any CPU.ActiveCfg = Debug|Any CPU
		{B67D94C1-6365-4200-B98B-C45AC610BEB8}.Debug|Any CPU.Build.0 = Debug|Any CPU
		{B67D94C1-6365-4200-B98B-C45AC610BEB8}.Release|Any CPU.ActiveCfg = Release|Any CPU
		{B67D94C1-6365-4200-B98B-C45AC610BEB8}.Release|Any CPU.Build.0 = Release|Any CPU
	EndGlobalSection
	GlobalSection(SolutionProperties) = preSolution
		HideSolutionNode = FALSE
	EndGlobalSection
	GlobalSection(ExtensibilityGlobals) = postSolution
		SolutionGuid = {B7B59B70-952E-40C8-BAD3-3497CBDA993D}
	EndGlobalSection
EndGlobal
